// !$*UTF8*$!
{
	archiveVersion = 1;
	classes = {
	};
	objectVersion = 46;
	objects = {

/* Begin PBXBuildFile section */
		842F13311F4C76D900084708 /* AppDelegate.swift in Sources */ = {isa = PBXBuildFile; fileRef = 842F13301F4C76D900084708 /* AppDelegate.swift */; };
		842F13331F4C76D900084708 /* ViewController.swift in Sources */ = {isa = PBXBuildFile; fileRef = 842F13321F4C76D900084708 /* ViewController.swift */; };
		842F13361F4C76D900084708 /* Main.storyboard in Resources */ = {isa = PBXBuildFile; fileRef = 842F13341F4C76D900084708 /* Main.storyboard */; };
		842F13381F4C76D900084708 /* Assets.xcassets in Resources */ = {isa = PBXBuildFile; fileRef = 842F13371F4C76D900084708 /* Assets.xcassets */; };
		842F133B1F4C76D900084708 /* LaunchScreen.storyboard in Resources */ = {isa = PBXBuildFile; fileRef = 842F13391F4C76D900084708 /* LaunchScreen.storyboard */; };
		842F13461F4C76D900084708 /* PFSocialNetTestTests.swift in Sources */ = {isa = PBXBuildFile; fileRef = 842F13451F4C76D900084708 /* PFSocialNetTestTests.swift */; };
		842F13511F4C76DA00084708 /* PFSocialNetTestUITests.swift in Sources */ = {isa = PBXBuildFile; fileRef = 842F13501F4C76DA00084708 /* PFSocialNetTestUITests.swift */; };
/* End PBXBuildFile section */

/* Begin PBXContainerItemProxy section */
		842F13421F4C76D900084708 /* PBXContainerItemProxy */ = {
			isa = PBXContainerItemProxy;
			containerPortal = 842F13251F4C76D900084708 /* Project object */;
			proxyType = 1;
			remoteGlobalIDString = 842F132C1F4C76D900084708;
			remoteInfo = PFSocialNetTest;
		};
		842F134D1F4C76DA00084708 /* PBXContainerItemProxy */ = {
			isa = PBXContainerItemProxy;
			containerPortal = 842F13251F4C76D900084708 /* Project object */;
			proxyType = 1;
			remoteGlobalIDString = 842F132C1F4C76D900084708;
			remoteInfo = PFSocialNetTest;
		};
/* End PBXContainerItemProxy section */

/* Begin PBXFileReference section */
		842F132D1F4C76D900084708 /* PFSocialNetTest.app */ = {isa = PBXFileReference; explicitFileType = wrapper.application; includeInIndex = 0; path = PFSocialNetTest.app; sourceTree = BUILT_PRODUCTS_DIR; };
		842F13301F4C76D900084708 /* AppDelegate.swift */ = {isa = PBXFileReference; lastKnownFileType = sourcecode.swift; path = AppDelegate.swift; sourceTree = "<group>"; };
		842F13321F4C76D900084708 /* ViewController.swift */ = {isa = PBXFileReference; lastKnownFileType = sourcecode.swift; path = ViewController.swift; sourceTree = "<group>"; };
		842F13351F4C76D900084708 /* Base */ = {isa = PBXFileReference; lastKnownFileType = file.storyboard; name = Base; path = Base.lproj/Main.storyboard; sourceTree = "<group>"; };
		842F13371F4C76D900084708 /* Assets.xcassets */ = {isa = PBXFileReference; lastKnownFileType = folder.assetcatalog; path = Assets.xcassets; sourceTree = "<group>"; };
		842F133A1F4C76D900084708 /* Base */ = {isa = PBXFileReference; lastKnownFileType = file.storyboard; name = Base; path = Base.lproj/LaunchScreen.storyboard; sourceTree = "<group>"; };
		842F133C1F4C76D900084708 /* Info.plist */ = {isa = PBXFileReference; lastKnownFileType = text.plist.xml; path = Info.plist; sourceTree = "<group>"; };
		842F13411F4C76D900084708 /* PFSocialNetTestTests.xctest */ = {isa = PBXFileReference; explicitFileType = wrapper.cfbundle; includeInIndex = 0; path = PFSocialNetTestTests.xctest; sourceTree = BUILT_PRODUCTS_DIR; };
		842F13451F4C76D900084708 /* PFSocialNetTestTests.swift */ = {isa = PBXFileReference; lastKnownFileType = sourcecode.swift; path = PFSocialNetTestTests.swift; sourceTree = "<group>"; };
		842F13471F4C76D900084708 /* Info.plist */ = {isa = PBXFileReference; lastKnownFileType = text.plist.xml; path = Info.plist; sourceTree = "<group>"; };
		842F134C1F4C76DA00084708 /* PFSocialNetTestUITests.xctest */ = {isa = PBXFileReference; explicitFileType = wrapper.cfbundle; includeInIndex = 0; path = PFSocialNetTestUITests.xctest; sourceTree = BUILT_PRODUCTS_DIR; };
		842F13501F4C76DA00084708 /* PFSocialNetTestUITests.swift */ = {isa = PBXFileReference; lastKnownFileType = sourcecode.swift; path = PFSocialNetTestUITests.swift; sourceTree = "<group>"; };
		842F13521F4C76DA00084708 /* Info.plist */ = {isa = PBXFileReference; lastKnownFileType = text.plist.xml; path = Info.plist; sourceTree = "<group>"; };
/* End PBXFileReference section */

/* Begin PBXFrameworksBuildPhase section */
		842F132A1F4C76D900084708 /* Frameworks */ = {
			isa = PBXFrameworksBuildPhase;
			buildActionMask = 2147483647;
			files = (
			);
			runOnlyForDeploymentPostprocessing = 0;
		};
		842F133E1F4C76D900084708 /* Frameworks */ = {
			isa = PBXFrameworksBuildPhase;
			buildActionMask = 2147483647;
			files = (
			);
			runOnlyForDeploymentPostprocessing = 0;
		};
		842F13491F4C76D900084708 /* Frameworks */ = {
			isa = PBXFrameworksBuildPhase;
			buildActionMask = 2147483647;
			files = (
			);
			runOnlyForDeploymentPostprocessing = 0;
		};
/* End PBXFrameworksBuildPhase section */

/* Begin PBXGroup section */
		842F13241F4C76D900084708 = {
			isa = PBXGroup;
			children = (
				842F132F1F4C76D900084708 /* PFSocialNetTest */,
				842F13441F4C76D900084708 /* PFSocialNetTestTests */,
				842F134F1F4C76DA00084708 /* PFSocialNetTestUITests */,
				842F132E1F4C76D900084708 /* Products */,
			);
			sourceTree = "<group>";
		};
		842F132E1F4C76D900084708 /* Products */ = {
			isa = PBXGroup;
			children = (
				842F132D1F4C76D900084708 /* PFSocialNetTest.app */,
				842F13411F4C76D900084708 /* PFSocialNetTestTests.xctest */,
				842F134C1F4C76DA00084708 /* PFSocialNetTestUITests.xctest */,
			);
			name = Products;
			sourceTree = "<group>";
		};
		842F132F1F4C76D900084708 /* PFSocialNetTest */ = {
			isa = PBXGroup;
			children = (
				842F13301F4C76D900084708 /* AppDelegate.swift */,
				842F13321F4C76D900084708 /* ViewController.swift */,
				842F13341F4C76D900084708 /* Main.storyboard */,
				842F13371F4C76D900084708 /* Assets.xcassets */,
				842F13391F4C76D900084708 /* LaunchScreen.storyboard */,
				842F133C1F4C76D900084708 /* Info.plist */,
			);
			path = PFSocialNetTest;
			sourceTree = "<group>";
		};
		842F13441F4C76D900084708 /* PFSocialNetTestTests */ = {
			isa = PBXGroup;
			children = (
				842F13451F4C76D900084708 /* PFSocialNetTestTests.swift */,
				842F13471F4C76D900084708 /* Info.plist */,
			);
			path = PFSocialNetTestTests;
			sourceTree = "<group>";
		};
		842F134F1F4C76DA00084708 /* PFSocialNetTestUITests */ = {
			isa = PBXGroup;
			children = (
				842F13501F4C76DA00084708 /* PFSocialNetTestUITests.swift */,
				842F13521F4C76DA00084708 /* Info.plist */,
			);
			path = PFSocialNetTestUITests;
			sourceTree = "<group>";
		};
/* End PBXGroup section */

/* Begin PBXNativeTarget section */
		842F132C1F4C76D900084708 /* PFSocialNetTest */ = {
			isa = PBXNativeTarget;
			buildConfigurationList = 842F13551F4C76DA00084708 /* Build configuration list for PBXNativeTarget "PFSocialNetTest" */;
			buildPhases = (
				842F13291F4C76D900084708 /* Sources */,
				842F132A1F4C76D900084708 /* Frameworks */,
				842F132B1F4C76D900084708 /* Resources */,
			);
			buildRules = (
			);
			dependencies = (
			);
			name = PFSocialNetTest;
			productName = PFSocialNetTest;
			productReference = 842F132D1F4C76D900084708 /* PFSocialNetTest.app */;
			productType = "com.apple.product-type.application";
		};
		842F13401F4C76D900084708 /* PFSocialNetTestTests */ = {
			isa = PBXNativeTarget;
			buildConfigurationList = 842F13581F4C76DA00084708 /* Build configuration list for PBXNativeTarget "PFSocialNetTestTests" */;
			buildPhases = (
				842F133D1F4C76D900084708 /* Sources */,
				842F133E1F4C76D900084708 /* Frameworks */,
				842F133F1F4C76D900084708 /* Resources */,
			);
			buildRules = (
			);
			dependencies = (
				842F13431F4C76D900084708 /* PBXTargetDependency */,
			);
			name = PFSocialNetTestTests;
			productName = PFSocialNetTestTests;
			productReference = 842F13411F4C76D900084708 /* PFSocialNetTestTests.xctest */;
			productType = "com.apple.product-type.bundle.unit-test";
		};
		842F134B1F4C76D900084708 /* PFSocialNetTestUITests */ = {
			isa = PBXNativeTarget;
			buildConfigurationList = 842F135B1F4C76DA00084708 /* Build configuration list for PBXNativeTarget "PFSocialNetTestUITests" */;
			buildPhases = (
				842F13481F4C76D900084708 /* Sources */,
				842F13491F4C76D900084708 /* Frameworks */,
				842F134A1F4C76D900084708 /* Resources */,
			);
			buildRules = (
			);
			dependencies = (
				842F134E1F4C76DA00084708 /* PBXTargetDependency */,
			);
			name = PFSocialNetTestUITests;
			productName = PFSocialNetTestUITests;
			productReference = 842F134C1F4C76DA00084708 /* PFSocialNetTestUITests.xctest */;
			productType = "com.apple.product-type.bundle.ui-testing";
		};
/* End PBXNativeTarget section */

/* Begin PBXProject section */
		842F13251F4C76D900084708 /* Project object */ = {
			isa = PBXProject;
			attributes = {
				LastSwiftUpdateCheck = 0830;
				LastUpgradeCheck = 0830;
				ORGANIZATIONNAME = PFSoft;
				TargetAttributes = {
					842F132C1F4C76D900084708 = {
						CreatedOnToolsVersion = 8.3.3;
						DevelopmentTeam = S4AY5LA2K6;
						ProvisioningStyle = Automatic;
					};
					842F13401F4C76D900084708 = {
						CreatedOnToolsVersion = 8.3.3;
						DevelopmentTeam = S4AY5LA2K6;
						ProvisioningStyle = Automatic;
						TestTargetID = 842F132C1F4C76D900084708;
					};
					842F134B1F4C76D900084708 = {
						CreatedOnToolsVersion = 8.3.3;
						DevelopmentTeam = S4AY5LA2K6;
						ProvisioningStyle = Automatic;
						TestTargetID = 842F132C1F4C76D900084708;
					};
				};
			};
			buildConfigurationList = 842F13281F4C76D900084708 /* Build configuration list for PBXProject "PFSocialNetTest" */;
			compatibilityVersion = "Xcode 3.2";
			developmentRegion = English;
			hasScannedForEncodings = 0;
			knownRegions = (
				en,
				Base,
			);
			mainGroup = 842F13241F4C76D900084708;
			productRefGroup = 842F132E1F4C76D900084708 /* Products */;
			projectDirPath = "";
			projectRoot = "";
			targets = (
				842F132C1F4C76D900084708 /* PFSocialNetTest */,
				842F13401F4C76D900084708 /* PFSocialNetTestTests */,
				842F134B1F4C76D900084708 /* PFSocialNetTestUITests */,
			);
		};
/* End PBXProject section */

/* Begin PBXResourcesBuildPhase section */
		842F132B1F4C76D900084708 /* Resources */ = {
			isa = PBXResourcesBuildPhase;
			buildActionMask = 2147483647;
			files = (
				842F133B1F4C76D900084708 /* LaunchScreen.storyboard in Resources */,
				842F13381F4C76D900084708 /* Assets.xcassets in Resources */,
				842F13361F4C76D900084708 /* Main.storyboard in Resources */,
			);
			runOnlyForDeploymentPostprocessing = 0;
		};
		842F133F1F4C76D900084708 /* Resources */ = {
			isa = PBXResourcesBuildPhase;
			buildActionMask = 2147483647;
			files = (
			);
			runOnlyForDeploymentPostprocessing = 0;
		};
		842F134A1F4C76D900084708 /* Resources */ = {
			isa = PBXResourcesBuildPhase;
			buildActionMask = 2147483647;
			files = (
			);
			runOnlyForDeploymentPostprocessing = 0;
		};
/* End PBXResourcesBuildPhase section */

/* Begin PBXSourcesBuildPhase section */
		842F13291F4C76D900084708 /* Sources */ = {
			isa = PBXSourcesBuildPhase;
			buildActionMask = 2147483647;
			files = (
				842F13331F4C76D900084708 /* ViewController.swift in Sources */,
				842F13311F4C76D900084708 /* AppDelegate.swift in Sources */,
			);
			runOnlyForDeploymentPostprocessing = 0;
		};
		842F133D1F4C76D900084708 /* Sources */ = {
			isa = PBXSourcesBuildPhase;
			buildActionMask = 2147483647;
			files = (
				842F13461F4C76D900084708 /* PFSocialNetTestTests.swift in Sources */,
			);
			runOnlyForDeploymentPostprocessing = 0;
		};
		842F13481F4C76D900084708 /* Sources */ = {
			isa = PBXSourcesBuildPhase;
			buildActionMask = 2147483647;
			files = (
				842F13511F4C76DA00084708 /* PFSocialNetTestUITests.swift in Sources */,
			);
			runOnlyForDeploymentPostprocessing = 0;
		};
/* End PBXSourcesBuildPhase section */

/* Begin PBXTargetDependency section */
		842F13431F4C76D900084708 /* PBXTargetDependency */ = {
			isa = PBXTargetDependency;
			target = 842F132C1F4C76D900084708 /* PFSocialNetTest */;
			targetProxy = 842F13421F4C76D900084708 /* PBXContainerItemProxy */;
		};
		842F134E1F4C76DA00084708 /* PBXTargetDependency */ = {
			isa = PBXTargetDependency;
			target = 842F132C1F4C76D900084708 /* PFSocialNetTest */;
			targetProxy = 842F134D1F4C76DA00084708 /* PBXContainerItemProxy */;
		};
/* End PBXTargetDependency section */

/* Begin PBXVariantGroup section */
		842F13341F4C76D900084708 /* Main.storyboard */ = {
			isa = PBXVariantGroup;
			children = (
				842F13351F4C76D900084708 /* Base */,
			);
			name = Main.storyboard;
			sourceTree = "<group>";
		};
		842F13391F4C76D900084708 /* LaunchScreen.storyboard */ = {
			isa = PBXVariantGroup;
			children = (
				842F133A1F4C76D900084708 /* Base */,
			);
			name = LaunchScreen.storyboard;
			sourceTree = "<group>";
		};
/* End PBXVariantGroup section */

/* Begin XCBuildConfiguration section */
		842F13531F4C76DA00084708 /* Debug */ = {
			isa = XCBuildConfiguration;
			buildSettings = {
				ALWAYS_SEARCH_USER_PATHS = NO;
				CLANG_ANALYZER_NONNULL = YES;
				CLANG_ANALYZER_NUMBER_OBJECT_CONVERSION = YES_AGGRESSIVE;
				CLANG_CXX_LANGUAGE_STANDARD = "gnu++0x";
				CLANG_CXX_LIBRARY = "libc++";
				CLANG_ENABLE_MODULES = YES;
				CLANG_ENABLE_OBJC_ARC = YES;
				CLANG_WARN_BOOL_CONVERSION = YES;
				CLANG_WARN_CONSTANT_CONVERSION = YES;
				CLANG_WARN_DIRECT_OBJC_ISA_USAGE = YES_ERROR;
				CLANG_WARN_DOCUMENTATION_COMMENTS = YES;
				CLANG_WARN_EMPTY_BODY = YES;
				CLANG_WARN_ENUM_CONVERSION = YES;
				CLANG_WARN_INFINITE_RECURSION = YES;
				CLANG_WARN_INT_CONVERSION = YES;
				CLANG_WARN_OBJC_ROOT_CLASS = YES_ERROR;
				CLANG_WARN_SUSPICIOUS_MOVE = YES;
				CLANG_WARN_UNREACHABLE_CODE = YES;
				CLANG_WARN__DUPLICATE_METHOD_MATCH = YES;
				"CODE_SIGN_IDENTITY[sdk=iphoneos*]" = "iPhone Developer";
				COPY_PHASE_STRIP = NO;
				DEBUG_INFORMATION_FORMAT = dwarf;
				ENABLE_STRICT_OBJC_MSGSEND = YES;
				ENABLE_TESTABILITY = YES;
				GCC_C_LANGUAGE_STANDARD = gnu99;
				GCC_DYNAMIC_NO_PIC = NO;
				GCC_NO_COMMON_BLOCKS = YES;
				GCC_OPTIMIZATION_LEVEL = 0;
				GCC_PREPROCESSOR_DEFINITIONS = (
					"DEBUG=1",
					"$(inherited)",
				);
				GCC_WARN_64_TO_32_BIT_CONVERSION = YES;
				GCC_WARN_ABOUT_RETURN_TYPE = YES_ERROR;
				GCC_WARN_UNDECLARED_SELECTOR = YES;
				GCC_WARN_UNINITIALIZED_AUTOS = YES_AGGRESSIVE;
				GCC_WARN_UNUSED_FUNCTION = YES;
				GCC_WARN_UNUSED_VARIABLE = YES;
				IPHONEOS_DEPLOYMENT_TARGET = 10.3;
				MTL_ENABLE_DEBUG_INFO = YES;
				ONLY_ACTIVE_ARCH = YES;
				SDKROOT = iphoneos;
				SWIFT_ACTIVE_COMPILATION_CONDITIONS = DEBUG;
				SWIFT_OPTIMIZATION_LEVEL = "-Onone";
				TARGETED_DEVICE_FAMILY = "1,2";
			};
			name = Debug;
		};
		842F13541F4C76DA00084708 /* Release */ = {
			isa = XCBuildConfiguration;
			buildSettings = {
				ALWAYS_SEARCH_USER_PATHS = NO;
				CLANG_ANALYZER_NONNULL = YES;
				CLANG_ANALYZER_NUMBER_OBJECT_CONVERSION = YES_AGGRESSIVE;
				CLANG_CXX_LANGUAGE_STANDARD = "gnu++0x";
				CLANG_CXX_LIBRARY = "libc++";
				CLANG_ENABLE_MODULES = YES;
				CLANG_ENABLE_OBJC_ARC = YES;
				CLANG_WARN_BOOL_CONVERSION = YES;
				CLANG_WARN_CONSTANT_CONVERSION = YES;
				CLANG_WARN_DIRECT_OBJC_ISA_USAGE = YES_ERROR;
				CLANG_WARN_DOCUMENTATION_COMMENTS = YES;
				CLANG_WARN_EMPTY_BODY = YES;
				CLANG_WARN_ENUM_CONVERSION = YES;
				CLANG_WARN_INFINITE_RECURSION = YES;
				CLANG_WARN_INT_CONVERSION = YES;
				CLANG_WARN_OBJC_ROOT_CLASS = YES_ERROR;
				CLANG_WARN_SUSPICIOUS_MOVE = YES;
				CLANG_WARN_UNREACHABLE_CODE = YES;
				CLANG_WARN__DUPLICATE_METHOD_MATCH = YES;
				"CODE_SIGN_IDENTITY[sdk=iphoneos*]" = "iPhone Developer";
				COPY_PHASE_STRIP = NO;
				DEBUG_INFORMATION_FORMAT = "dwarf-with-dsym";
				ENABLE_NS_ASSERTIONS = NO;
				ENABLE_STRICT_OBJC_MSGSEND = YES;
				GCC_C_LANGUAGE_STANDARD = gnu99;
				GCC_NO_COMMON_BLOCKS = YES;
				GCC_WARN_64_TO_32_BIT_CONVERSION = YES;
				GCC_WARN_ABOUT_RETURN_TYPE = YES_ERROR;
				GCC_WARN_UNDECLARED_SELECTOR = YES;
				GCC_WARN_UNINITIALIZED_AUTOS = YES_AGGRESSIVE;
				GCC_WARN_UNUSED_FUNCTION = YES;
				GCC_WARN_UNUSED_VARIABLE = YES;
				IPHONEOS_DEPLOYMENT_TARGET = 10.3;
				MTL_ENABLE_DEBUG_INFO = NO;
				SDKROOT = iphoneos;
				SWIFT_OPTIMIZATION_LEVEL = "-Owholemodule";
				TARGETED_DEVICE_FAMILY = "1,2";
				VALIDATE_PRODUCT = YES;
			};
			name = Release;
		};
		842F13561F4C76DA00084708 /* Debug */ = {
			isa = XCBuildConfiguration;
			buildSettings = {
				ASSETCATALOG_COMPILER_APPICON_NAME = AppIcon;
				DEVELOPMENT_TEAM = S4AY5LA2K6;
				INFOPLIST_FILE = PFSocialNetTest/Info.plist;
				LD_RUNPATH_SEARCH_PATHS = "$(inherited) @executable_path/Frameworks";
				PRODUCT_BUNDLE_IDENTIFIER = com.pfsoft.production.PFSocialNetTest;
				PRODUCT_NAME = "$(TARGET_NAME)";
				SWIFT_VERSION = 3.0;
			};
			name = Debug;
		};
		842F13571F4C76DA00084708 /* Release */ = {
			isa = XCBuildConfiguration;
			buildSettings = {
				ASSETCATALOG_COMPILER_APPICON_NAME = AppIcon;
				DEVELOPMENT_TEAM = S4AY5LA2K6;
				INFOPLIST_FILE = PFSocialNetTest/Info.plist;
				LD_RUNPATH_SEARCH_PATHS = "$(inherited) @executable_path/Frameworks";
				PRODUCT_BUNDLE_IDENTIFIER = com.pfsoft.production.PFSocialNetTest;
				PRODUCT_NAME = "$(TARGET_NAME)";
				SWIFT_VERSION = 3.0;
			};
			name = Release;
		};
		842F13591F4C76DA00084708 /* Debug */ = {
			isa = XCBuildConfiguration;
			buildSettings = {
				ALWAYS_EMBED_SWIFT_STANDARD_LIBRARIES = YES;
				BUNDLE_LOADER = "$(TEST_HOST)";
				DEVELOPMENT_TEAM = S4AY5LA2K6;
				INFOPLIST_FILE = PFSocialNetTestTests/Info.plist;
				LD_RUNPATH_SEARCH_PATHS = "$(inherited) @executable_path/Frameworks @loader_path/Frameworks";
				PRODUCT_BUNDLE_IDENTIFIER = com.pfsoft.production.PFSocialNetTestTests;
				PRODUCT_NAME = "$(TARGET_NAME)";
				SWIFT_VERSION = 3.0;
				TEST_HOST = "$(BUILT_PRODUCTS_DIR)/PFSocialNetTest.app/PFSocialNetTest";
			};
			name = Debug;
		};
		842F135A1F4C76DA00084708 /* Release */ = {
			isa = XCBuildConfiguration;
			buildSettings = {
				ALWAYS_EMBED_SWIFT_STANDARD_LIBRARIES = YES;
				BUNDLE_LOADER = "$(TEST_HOST)";
				DEVELOPMENT_TEAM = S4AY5LA2K6;
				INFOPLIST_FILE = PFSocialNetTestTests/Info.plist;
				LD_RUNPATH_SEARCH_PATHS = "$(inherited) @executable_path/Frameworks @loader_path/Frameworks";
				PRODUCT_BUNDLE_IDENTIFIER = com.pfsoft.production.PFSocialNetTestTests;
				PRODUCT_NAME = "$(TARGET_NAME)";
				SWIFT_VERSION = 3.0;
				TEST_HOST = "$(BUILT_PRODUCTS_DIR)/PFSocialNetTest.app/PFSocialNetTest";
			};
			name = Release;
		};
		842F135C1F4C76DA00084708 /* Debug */ = {
			isa = XCBuildConfiguration;
			buildSettings = {
				ALWAYS_EMBED_SWIFT_STANDARD_LIBRARIES = YES;
				DEVELOPMENT_TEAM = S4AY5LA2K6;
				INFOPLIST_FILE = PFSocialNetTestUITests/Info.plist;
				LD_RUNPATH_SEARCH_PATHS = "$(inherited) @executable_path/Frameworks @loader_path/Frameworks";
				PRODUCT_BUNDLE_IDENTIFIER = com.pfsoft.production.PFSocialNetTestUITests;
				PRODUCT_NAME = "$(TARGET_NAME)";
				SWIFT_VERSION = 3.0;
				TEST_TARGET_NAME = PFSocialNetTest;
			};
			name = Debug;
		};
		842F135D1F4C76DA00084708 /* Release */ = {
			isa = XCBuildConfiguration;
			buildSettings = {
				ALWAYS_EMBED_SWIFT_STANDARD_LIBRARIES = YES;
				DEVELOPMENT_TEAM = S4AY5LA2K6;
				INFOPLIST_FILE = PFSocialNetTestUITests/Info.plist;
				LD_RUNPATH_SEARCH_PATHS = "$(inherited) @executable_path/Frameworks @loader_path/Frameworks";
				PRODUCT_BUNDLE_IDENTIFIER = com.pfsoft.production.PFSocialNetTestUITests;
				PRODUCT_NAME = "$(TARGET_NAME)";
				SWIFT_VERSION = 3.0;
				TEST_TARGET_NAME = PFSocialNetTest;
			};
			name = Release;
		};
/* End XCBuildConfiguration section */

/* Begin XCConfigurationList section */
		842F13281F4C76D900084708 /* Build configuration list for PBXProject "PFSocialNetTest" */ = {
			isa = XCConfigurationList;
			buildConfigurations = (
				842F13531F4C76DA00084708 /* Debug */,
				842F13541F4C76DA00084708 /* Release */,
			);
			defaultConfigurationIsVisible = 0;
			defaultConfigurationName = Release;
		};
		842F13551F4C76DA00084708 /* Build configuration list for PBXNativeTarget "PFSocialNetTest" */ = {
			isa = XCConfigurationList;
			buildConfigurations = (
				842F13561F4C76DA00084708 /* Debug */,
				842F13571F4C76DA00084708 /* Release */,
			);
			defaultConfigurationIsVisible = 0;
		};
		842F13581F4C76DA00084708 /* Build configuration list for PBXNativeTarget "PFSocialNetTestTests" */ = {
			isa = XCConfigurationList;
			buildConfigurations = (
				842F13591F4C76DA00084708 /* Debug */,
				842F135A1F4C76DA00084708 /* Release */,
			);
			defaultConfigurationIsVisible = 0;
		};
		842F135B1F4C76DA00084708 /* Build configuration list for PBXNativeTarget "PFSocialNetTestUITests" */ = {
			isa = XCConfigurationList;
			buildConfigurations = (
				842F135C1F4C76DA00084708 /* Debug */,
				842F135D1F4C76DA00084708 /* Release */,
			);
			defaultConfigurationIsVisible = 0;
		};
/* End XCConfigurationList section */
	};
	rootObject = 842F13251F4C76D900084708 /* Project object */;
}
